# Pinned training environment (Linux x86_64, Python 3.11). Regenerate with:
#   uv pip compile requirements-train.txt --python-platform x86_64-manylinux_2_28 --python-version 3.11 --no-header --annotation-style line -o requirements-train.lock
absl-py==1.4.0            # via array-record, dm-tree, etils, mediapipe, mediapipe-model-maker, tensorboard, tensorflow, tensorflow-datasets, tensorflow-metadata, tensorflow-model-optimization, tf-slim
array-record==0.8.3       # via tensorflow-datasets
astunparse==1.6.3         # via tensorflow
attrs==26.1.0             # via dm-tree, jsonschema, mediapipe, referencing
bleach==6.4.0             # via kaggle
certifi==2026.7.22        # via requests
cffi==2.1.1               # via cryptography, sounddevice
charset-normalizer==3.5.1  # via requests
cloudpickle==3.1.2        # via joblib
colorama==0.4.6           # via sacrebleu
contourpy==1.3.3          # via matplotlib
cryptography==50.0.1      # via google-auth
cycler==0.12.1            # via matplotlib
cython==3.3.0             # via tf-models-official
dm-tree==0.1.10           # via tensorflow-datasets, tensorflow-model-optimization
docstring-parser==0.18.0  # via simple-parsing
einops==0.8.2             # via etils
etils==1.14.0             # via array-record, tensorflow-datasets
fastjsonschema==2.22.2    # via nbformat
flatbuffers==25.12.19     # via mediapipe, tensorflow
fonttools==4.66.0         # via matplotlib
fsspec==2026.9.0          # via etils
gast==0.7.0               # via tensorflow
gin-config==0.5.0         # via tf-models-official
google-api-core==2.30.3   # via google-api-python-client
google-api-python-client==2.200.0  # via tf-models-official
google-auth==2.59.0       # via google-api-core, google-api-python-client, google-auth-httplib2, google-auth-oauthlib, tensorboard
google-auth-httplib2==0.4.2  # via google-api-python-client
google-auth-oauthlib==1.4.1  # via tensorboard
google-pasta==0.2.0       # via tensorflow
googleapis-common-protos==1.75.0  # via google-api-core, tensorflow-metadata
grpcio==1.84.0            # via tensorboard, tensorflow
h5py==3.16.0              # via tensorflow
httplib2==0.32.0          # via google-api-python-client, google-auth-httplib2, oauth2client
idna==3.20                # via requests
immutabledict==4.3.1      # via tensorflow-datasets, tf-models-official
jax==0.4.34               # via mediapipe
jaxlib==0.4.34            # via jax, mediapipe
joblib==1.6.0             # via scikit-learn
jsonschema==4.26.0        # via nbformat
jsonschema-specifications==2025.9.1  # via jsonschema
jupyter-core==5.9.1       # via nbformat
jupytext==1.19.5          # via kaggle
kaggle==2.2.4             # via tf-models-official
kagglesdk==0.1.37         # via kaggle
keras==2.15.0             # via tensorflow
kiwisolver==1.5.1         # via matplotlib
libclang==18.1.1          # via tensorflow
lxml==6.1.3               # via sacrebleu
markdown==3.11            # via tensorboard
markdown-it-py==4.2.0     # via jupytext, mdit-py-plugins
markupsafe==3.0.3         # via werkzeug
matplotlib==3.11.2        # via mediapipe, tf-models-official
mdit-py-plugins==0.6.1    # via jupytext
mdurl==0.1.2              # via markdown-it-py
mediapipe==0.10.14        # via mediapipe-model-maker, -r requirements-train.txt
mediapipe-model-maker==0.2.1.4  # via -r requirements-train.txt
ml-dtypes==0.3.2          # via jax, jaxlib, tensorflow
narwhals==2.26.0          # via scikit-learn
nbformat==5.11.1          # via jupytext
numpy==1.26.4             # via contourpy, dm-tree, etils, h5py, jax, jaxlib, matplotlib, mediapipe, mediapipe-model-maker, ml-dtypes, opencv-contrib-python, opencv-python, opencv-python-headless, pandas, pycocotools, sacrebleu, scikit-learn, scipy, seqeval, tensorboard, tensorflow, tensorflow-datasets, tensorflow-hub, tensorflow-model-optimization, tf-models-official, -r requirements-train.txt
oauth2client==4.1.3       # via tf-models-official
oauthlib==4.0.0           # via requests-oauthlib
opencv-contrib-python==4.11.0.86  # via mediapipe
opencv-python==4.11.0.86  # via mediapipe-model-maker
opencv-python-headless==4.11.0.86  # via tf-models-official
opt-einsum==3.4.0         # via jax, tensorflow
packaging==26.3           # via jupytext, kaggle, matplotlib, tensorflow, tensorflow-addons, wheel
pandas==3.0.6             # via tf-models-official
pillow==12.3.0            # via matplotlib, tf-models-official, -r requirements.txt
platformdirs==4.12.1      # via jupyter-core
portalocker==4.4.0        # via sacrebleu
promise==2.3              # via tensorflow-datasets
proto-plus==1.28.2        # via google-api-core
protobuf==4.25.9          # via google-api-core, googleapis-common-protos, kaggle, kagglesdk, mediapipe, proto-plus, tensorboard, tensorflow, tensorflow-datasets, tensorflow-hub, tensorflow-metadata
psutil==7.2.2             # via tensorflow-datasets, tf-models-official
py-cpuinfo==9.0.0         # via tf-models-official
pyarrow==25.0.1           # via tensorflow-datasets
pyasn1==0.6.4             # via oauth2client, pyasn1-modules, rsa
pyasn1-modules==0.4.2     # via google-auth, oauth2client
pycocotools==2.0.11       # via tf-models-official
pycparser==3.0            # via cffi
pyparsing==3.3.3          # via httplib2, matplotlib
python-dateutil==2.9.0.post0  # via kaggle, matplotlib, pandas
python-dotenv==1.2.3      # via kaggle
python-slugify==9.1.2     # via kaggle
pyyaml==6.0.3             # via jupytext, tf-models-official, -r requirements.txt
referencing==0.37.0       # via jsonschema, jsonschema-specifications
regex==2026.9.29          # via sacrebleu
requests==2.34.2          # via google-api-core, kaggle, kagglesdk, requests-oauthlib, tensorboard, tensorflow-datasets
requests-oauthlib==2.0.0  # via google-auth-oauthlib
rpds-py==2026.6.3         # via jsonschema, referencing
rsa==4.9.1                # via oauth2client
sacrebleu==2.6.0          # via tf-models-official
scikit-learn==1.9.1       # via seqeval
scipy==1.17.1             # via jax, jaxlib, scikit-learn, tf-models-official
sentencepiece==0.2.2      # via tf-models-official
seqeval==1.2.2            # via tf-models-official
setuptools==84.0.0        # via tensorboard, tensorflow
simple-parsing==0.1.9     # via tensorflow-datasets
six==1.17.0               # via astunparse, google-pasta, oauth2client, promise, python-dateutil, tensorboard, tensorflow, tensorflow-model-optimization, tf-models-official
sounddevice==0.5.6        # via mediapipe
tabulate==0.10.0          # via sacrebleu
tensorboard==2.15.2       # via tensorflow
tensorboard-data-server==0.7.2  # via tensorboard
tensorflow==2.15.1        # via mediapipe-model-maker, tensorflow-text, tf-keras, tf-models-official, -r requirements-train.txt
tensorflow-addons==0.23.0  # via mediapipe-model-maker, -r requirements-train.txt
tensorflow-datasets==4.9.10  # via mediapipe-model-maker, tf-models-official
tensorflow-estimator==2.15.0  # via tensorflow
tensorflow-hub==0.16.1    # via mediapipe-model-maker, tensorflow-text, tf-models-official, -r requirements-train.txt
tensorflow-io-gcs-filesystem==0.37.1  # via tensorflow
tensorflow-metadata==1.21.0  # via tensorflow-datasets
tensorflow-model-optimization==0.7.5  # via mediapipe-model-maker, tf-models-official, -r requirements-train.txt
tensorflow-text==2.15.0   # via mediapipe-model-maker, tf-models-official, -r requirements-train.txt
termcolor==3.3.0          # via tensorflow, tensorflow-datasets
text-unidecode==1.3       # via python-slugify
tf-keras==2.15.1          # via tensorflow-hub
tf-models-official==2.15.0  # via mediapipe-model-maker, -r requirements-train.txt
tf-slim==1.1.0            # via tf-models-official
threadpoolctl==3.7.0      # via scikit-learn
toml==0.10.2              # via tensorflow-datasets
tqdm==4.70.1              # via etils, kaggle, tensorflow-datasets
traitlets==5.16.1         # via jupyter-core, nbformat
typeguard==2.13.3         # via tensorflow-addons
typing-extensions==4.16.0  # via etils, grpcio, referencing, simple-parsing, tensorflow
uritemplate==4.2.0        # via google-api-python-client
urllib3==2.8.0            # via kaggle, requests
webencodings==0.6.1       # via bleach
werkzeug==3.1.9           # via tensorboard
wheel==0.48.0             # via astunparse
wrapt==1.14.2             # via dm-tree, tensorflow, tensorflow-datasets
zipp==4.1.0               # via etils
